
Microsoft Visual Studio Solution File, Format Version 12.00
# Visual Studio 2013
VisualStudioVersion = 12.0.30501.0
MinimumVisualStudioVersion = 10.0.40219.1
Project("{8BC9CEB8-8B4A-11D0-8D11-00A0C91BC942}") = "tree_8.3_27", "tree_8.3_27\tree_8.3_27.vcxproj", "{38C7098D-0B73-42B5-AC0A-AA0D640DC1E2}"
EndProject
Global
	GlobalSection(SolutionConfigurationPlatforms) = preSolution
		Debug|Win32 = Debug|Win32
		Release|Win32 = Release|Win32
	EndGlobalSection
	GlobalSection(ProjectConfigurationPlatforms) = postSolution
		{38C7098D-0B73-42B5-AC0A-AA0D640DC1E2}.Debug|Win32.ActiveCfg = Debug|Win32
		{38C7098D-0B73-42B5-AC0A-AA0D640DC1E2}.Debug|Win32.Build.0 = Debug|Win32
		{38C7098D-0B73-42B5-AC0A-AA0D640DC1E2}.Release|Win32.ActiveCfg = Release|Win32
		{38C7098D-0B73-42B5-AC0A-AA0D640DC1E2}.Release|Win32.Build.0 = Release|Win32
	EndGlobalSection
	GlobalSection(SolutionProperties) = preSolution
		HideSolutionNode = FALSE
	EndGlobalSection
EndGlobal
